
Microsoft Visual Studio Solution File, Format Version 12.00
# Visual Studio 15
VisualStudioVersion = 15.0.28307.902
MinimumVisualStudioVersion = 10.0.40219.1
Project("{FAE04EC0-301F-11D3-BF4B-00C04F79EFBC}") = "01字符串", "01字符串\01字符串.csproj", "{98C698F8-B899-456A-94B3-4ECFE8788276}"
EndProject
Project("{FAE04EC0-301F-11D3-BF4B-00C04F79EFBC}") = "02字符串StringBulder", "02字符串StringBulder\02字符串StringBulder.csproj", "{EDB841B6-BC97-4D64-8D83-CF9C70D82B8D}"
EndProject
Project("{FAE04EC0-301F-11D3-BF4B-00C04F79EFBC}") = "03_正则表达式", "03_正则表达式\03_正则表达式.csproj", "{66F3D55C-5788-48DC-AEFC-C91A10F79ED7}"
EndProject
Project("{FAE04EC0-301F-11D3-BF4B-00C04F79EFBC}") = "04_委托", "04_委托\04_委托.csproj", "{6707AAAF-D87C-4DE0-B03E-C1E3ABF02C35}"
EndProject
Project("{FAE04EC0-301F-11D3-BF4B-00C04F79EFBC}") = "05_Action", "05_Action\05_Action.csproj", "{C7759A0E-6B86-4DDC-925C-79BB499849AA}"
EndProject
Project("{FAE04EC0-301F-11D3-BF4B-00C04F79EFBC}") = "06_Func委托", "06_Func委托\06_Func委托.csproj", "{03AEE21D-B861-4FE0-841E-3D9CB4584E47}"
EndProject
Project("{FAE04EC0-301F-11D3-BF4B-00C04F79EFBC}") = "07_冒泡排序扩展", "07_冒泡排序扩展\07_冒泡排序扩展.csproj", "{D82783D5-D58C-4EB2-9296-5E817EA1E77F}"
EndProject
Project("{FAE04EC0-301F-11D3-BF4B-00C04F79EFBC}") = "08_多播委托", "08_多播委托\08_多播委托.csproj", "{B24402CE-EBF7-4BC2-8AAB-267BE05972CF}"
EndProject
Project("{FAE04EC0-301F-11D3-BF4B-00C04F79EFBC}") = "09_匿名方法", "09_匿名方法\09_匿名方法.csproj", "{DCDBCB7D-BE10-46FC-9FB1-385DBF4BB819}"
EndProject
Project("{FAE04EC0-301F-11D3-BF4B-00C04F79EFBC}") = "010_Lambda表达式", "010_Lambda表达式\010_Lambda表达式.csproj", "{2EC161CF-AB0C-4030-A4BE-04E79B64DBE3}"
EndProject
Project("{FAE04EC0-301F-11D3-BF4B-00C04F79EFBC}") = "011_事件", "011_事件\011_事件.csproj", "{51018BF6-D9F6-4CA8-A1F0-6EEBBFA44ACB}"
EndProject
Project("{FAE04EC0-301F-11D3-BF4B-00C04F79EFBC}") = "012_观察者模式", "012_观察者模式\012_观察者模式.csproj", "{BD811A68-4CED-4B40-BC47-A75470078D66}"
EndProject
Project("{FAE04EC0-301F-11D3-BF4B-00C04F79EFBC}") = "013_LINQ", "013_LINQ\013_LINQ.csproj", "{C325BB8C-F033-475F-AD81-6E276FBB3A3C}"
EndProject
Project("{FAE04EC0-301F-11D3-BF4B-00C04F79EFBC}") = "014_反射", "014_反射\014_反射.csproj", "{54407F9B-DF8F-4C52-86C9-A2638F1895D2}"
EndProject
Project("{FAE04EC0-301F-11D3-BF4B-00C04F79EFBC}") = "_015_特性", "_015_特性\_015_特性.csproj", "{21C8C69F-966F-4259-B66F-1659EA85832B}"
EndProject
Project("{FAE04EC0-301F-11D3-BF4B-00C04F79EFBC}") = "_016_线程和进程", "_016_线程和进程\_016_线程和进程.csproj", "{18443EA0-CC83-4706-8C4D-9D636FDD4812}"
EndProject
Project("{FAE04EC0-301F-11D3-BF4B-00C04F79EFBC}") = "017_Thread发起线程", "017_Thread发起线程\017_Thread发起线程.csproj", "{556BB719-81F3-49BE-AF9B-F43DD3A1445F}"
EndProject
Project("{FAE04EC0-301F-11D3-BF4B-00C04F79EFBC}") = "018_线程池", "018_线程池\018_线程池.csproj", "{A1056DFF-15B4-4D87-9155-A5EBCF36FEFA}"
EndProject
Project("{FAE04EC0-301F-11D3-BF4B-00C04F79EFBC}") = "019_任务", "019_任务\019_任务.csproj", "{A300AFEF-B2E0-44DA-A1F7-6796D7533038}"
EndProject
Project("{FAE04EC0-301F-11D3-BF4B-00C04F79EFBC}") = "20_线程问题_征用条件", "20_线程问题_征用条件\20_线程问题_征用条件.csproj", "{6040C452-D574-4689-AA76-69AEA4C6602C}"
EndProject
Project("{FAE04EC0-301F-11D3-BF4B-00C04F79EFBC}") = "_020_Socket服务器端", "_020_Socket\_020_Socket服务器端.csproj", "{3EF40BF7-F4B4-4094-BD67-DA4A7B7DC05B}"
EndProject
Project("{FAE04EC0-301F-11D3-BF4B-00C04F79EFBC}") = "_022_聊天室_服务器", "_022_聊天室_服务器\_022_聊天室_服务器.csproj", "{08FAC882-6BE3-42C4-BFFC-0C7BA0CCAC09}"
EndProject
Project("{FAE04EC0-301F-11D3-BF4B-00C04F79EFBC}") = "_024_TCPlistener", "_024_TCPlistener\_024_TCPlistener.csproj", "{7F2C9585-85C3-43D9-8E2A-52A14AE4A391}"
EndProject
Project("{FAE04EC0-301F-11D3-BF4B-00C04F79EFBC}") = "_025文件属性查看", "_025文件属性查看\_025文件属性查看.csproj", "{A92632EC-0032-4F99-9803-4659A691A176}"
EndProject
Project("{FAE04EC0-301F-11D3-BF4B-00C04F79EFBC}") = "_027_文件信息", "_027_文件信息\_027_文件信息.csproj", "{ED728F1C-DAB5-4780-AFAC-9E49CE745889}"
EndProject
Project("{FAE04EC0-301F-11D3-BF4B-00C04F79EFBC}") = "_028_FileStream读写文件", "_028_FileStream读写文件\_028_FileStream读写文件.csproj", "{08F18535-F584-4DFA-9709-F1053EF3608E}"
EndProject
Project("{FAE04EC0-301F-11D3-BF4B-00C04F79EFBC}") = "_029_使用streamreader和streamWrite读写文件", "_029_使用streamreader和streamWrite读写文件\_029_使用streamreader和streamWrite读写文件.csproj", "{8413E295-97C0-4587-B6A1-949DFF2BE324}"
EndProject
Project("{FAE04EC0-301F-11D3-BF4B-00C04F79EFBC}") = "_030_xml读取", "_030_xml读取\_030_xml读取.csproj", "{FE123A27-2FAC-403B-A207-D1E2648A0A66}"
EndProject
Project("{FAE04EC0-301F-11D3-BF4B-00C04F79EFBC}") = "_031xml文档解析", "_031xml文档解析\_031xml文档解析.csproj", "{D2B28BC4-DE99-459C-9176-9458D98B2AA3}"
EndProject
Project("{FAE04EC0-301F-11D3-BF4B-00C04F79EFBC}") = "_032_Json", "_032_Json\_032_Json.csproj", "{7A40B7A3-61E1-47BC-8D61-3A7FFB5337AA}"
EndProject
Project("{FAE04EC0-301F-11D3-BF4B-00C04F79EFBC}") = "_033_Excel操作", "_033_Excel操作\_033_Excel操作.csproj", "{E44D426F-A353-4CF7-BAA5-6CB299CEA37F}"
EndProject
Project("{FAE04EC0-301F-11D3-BF4B-00C04F79EFBC}") = "_测试数组转化", "_测试数组转化\_测试数组转化.csproj", "{BE2F07B2-FD90-4F55-8AB4-EA3F39502CE3}"
EndProject
Global
	GlobalSection(SolutionConfigurationPlatforms) = preSolution
		Debug|Any CPU = Debug|Any CPU
		Release|Any CPU = Release|Any CPU
	EndGlobalSection
	GlobalSection(ProjectConfigurationPlatforms) = postSolution
		{98C698F8-B899-456A-94B3-4ECFE8788276}.Debug|Any CPU.ActiveCfg = Debug|Any CPU
		{98C698F8-B899-456A-94B3-4ECFE8788276}.Debug|Any CPU.Build.0 = Debug|Any CPU
		{98C698F8-B899-456A-94B3-4ECFE8788276}.Release|Any CPU.ActiveCfg = Release|Any CPU
		{98C698F8-B899-456A-94B3-4ECFE8788276}.Release|Any CPU.Build.0 = Release|Any CPU
		{EDB841B6-BC97-4D64-8D83-CF9C70D82B8D}.Debug|Any CPU.ActiveCfg = Debug|Any CPU
		{EDB841B6-BC97-4D64-8D83-CF9C70D82B8D}.Debug|Any CPU.Build.0 = Debug|Any CPU
		{EDB841B6-BC97-4D64-8D83-CF9C70D82B8D}.Release|Any CPU.ActiveCfg = Release|Any CPU
		{EDB841B6-BC97-4D64-8D83-CF9C70D82B8D}.Release|Any CPU.Build.0 = Release|Any CPU
		{66F3D55C-5788-48DC-AEFC-C91A10F79ED7}.Debug|Any CPU.ActiveCfg = Debug|Any CPU
		{66F3D55C-5788-48DC-AEFC-C91A10F79ED7}.Debug|Any CPU.Build.0 = Debug|Any CPU
		{66F3D55C-5788-48DC-AEFC-C91A10F79ED7}.Release|Any CPU.ActiveCfg = Release|Any CPU
		{66F3D55C-5788-48DC-AEFC-C91A10F79ED7}.Release|Any CPU.Build.0 = Release|Any CPU
		{6707AAAF-D87C-4DE0-B03E-C1E3ABF02C35}.Debug|Any CPU.ActiveCfg = Debug|Any CPU
		{6707AAAF-D87C-4DE0-B03E-C1E3ABF02C35}.Debug|Any CPU.Build.0 = Debug|Any CPU
		{6707AAAF-D87C-4DE0-B03E-C1E3ABF02C35}.Release|Any CPU.ActiveCfg = Release|Any CPU
		{6707AAAF-D87C-4DE0-B03E-C1E3ABF02C35}.Release|Any CPU.Build.0 = Release|Any CPU
		{C7759A0E-6B86-4DDC-925C-79BB499849AA}.Debug|Any CPU.ActiveCfg = Debug|Any CPU
		{C7759A0E-6B86-4DDC-925C-79BB499849AA}.Debug|Any CPU.Build.0 = Debug|Any CPU
		{C7759A0E-6B86-4DDC-925C-79BB499849AA}.Release|Any CPU.ActiveCfg = Release|Any CPU
		{C7759A0E-6B86-4DDC-925C-79BB499849AA}.Release|Any CPU.Build.0 = Release|Any CPU
		{03AEE21D-B861-4FE0-841E-3D9CB4584E47}.Debug|Any CPU.ActiveCfg = Debug|Any CPU
		{03AEE21D-B861-4FE0-841E-3D9CB4584E47}.Debug|Any CPU.Build.0 = Debug|Any CPU
		{03AEE21D-B861-4FE0-841E-3D9CB4584E47}.Release|Any CPU.ActiveCfg = Release|Any CPU
		{03AEE21D-B861-4FE0-841E-3D9CB4584E47}.Release|Any CPU.Build.0 = Release|Any CPU
		{D82783D5-D58C-4EB2-9296-5E817EA1E77F}.Debug|Any CPU.ActiveCfg = Debug|Any CPU
		{D82783D5-D58C-4EB2-9296-5E817EA1E77F}.Debug|Any CPU.Build.0 = Debug|Any CPU
		{D82783D5-D58C-4EB2-9296-5E817EA1E77F}.Release|Any CPU.ActiveCfg = Release|Any CPU
		{D82783D5-D58C-4EB2-9296-5E817EA1E77F}.Release|Any CPU.Build.0 = Release|Any CPU
		{B24402CE-EBF7-4BC2-8AAB-267BE05972CF}.Debug|Any CPU.ActiveCfg = Debug|Any CPU
		{B24402CE-EBF7-4BC2-8AAB-267BE05972CF}.Debug|Any CPU.Build.0 = Debug|Any CPU
		{B24402CE-EBF7-4BC2-8AAB-267BE05972CF}.Release|Any CPU.ActiveCfg = Release|Any CPU
		{B24402CE-EBF7-4BC2-8AAB-267BE05972CF}.Release|Any CPU.Build.0 = Release|Any CPU
		{DCDBCB7D-BE10-46FC-9FB1-385DBF4BB819}.Debug|Any CPU.ActiveCfg = Debug|Any CPU
		{DCDBCB7D-BE10-46FC-9FB1-385DBF4BB819}.Debug|Any CPU.Build.0 = Debug|Any CPU
		{DCDBCB7D-BE10-46FC-9FB1-385DBF4BB819}.Release|Any CPU.ActiveCfg = Release|Any CPU
		{DCDBCB7D-BE10-46FC-9FB1-385DBF4BB819}.Release|Any CPU.Build.0 = Release|Any CPU
		{2EC161CF-AB0C-4030-A4BE-04E79B64DBE3}.Debug|Any CPU.ActiveCfg = Debug|Any CPU
		{2EC161CF-AB0C-4030-A4BE-04E79B64DBE3}.Debug|Any CPU.Build.0 = Debug|Any CPU
		{2EC161CF-AB0C-4030-A4BE-04E79B64DBE3}.Release|Any CPU.ActiveCfg = Release|Any CPU
		{2EC161CF-AB0C-4030-A4BE-04E79B64DBE3}.Release|Any CPU.Build.0 = Release|Any CPU
		{51018BF6-D9F6-4CA8-A1F0-6EEBBFA44ACB}.Debug|Any CPU.ActiveCfg = Debug|Any CPU
		{51018BF6-D9F6-4CA8-A1F0-6EEBBFA44ACB}.Debug|Any CPU.Build.0 = Debug|Any CPU
		{51018BF6-D9F6-4CA8-A1F0-6EEBBFA44ACB}.Release|Any CPU.ActiveCfg = Release|Any CPU
		{51018BF6-D9F6-4CA8-A1F0-6EEBBFA44ACB}.Release|Any CPU.Build.0 = Release|Any CPU
		{BD811A68-4CED-4B40-BC47-A75470078D66}.Debug|Any CPU.ActiveCfg = Debug|Any CPU
		{BD811A68-4CED-4B40-BC47-A75470078D66}.Debug|Any CPU.Build.0 = Debug|Any CPU
		{BD811A68-4CED-4B40-BC47-A75470078D66}.Release|Any CPU.ActiveCfg = Release|Any CPU
		{BD811A68-4CED-4B40-BC47-A75470078D66}.Release|Any CPU.Build.0 = Release|Any CPU
		{C325BB8C-F033-475F-AD81-6E276FBB3A3C}.Debug|Any CPU.ActiveCfg = Debug|Any CPU
		{C325BB8C-F033-475F-AD81-6E276FBB3A3C}.Debug|Any CPU.Build.0 = Debug|Any CPU
		{C325BB8C-F033-475F-AD81-6E276FBB3A3C}.Release|Any CPU.ActiveCfg = Release|Any CPU
		{C325BB8C-F033-475F-AD81-6E276FBB3A3C}.Release|Any CPU.Build.0 = Release|Any CPU
		{54407F9B-DF8F-4C52-86C9-A2638F1895D2}.Debug|Any CPU.ActiveCfg = Debug|Any CPU
		{54407F9B-DF8F-4C52-86C9-A2638F1895D2}.Debug|Any CPU.Build.0 = Debug|Any CPU
		{54407F9B-DF8F-4C52-86C9-A2638F1895D2}.Release|Any CPU.ActiveCfg = Release|Any CPU
		{54407F9B-DF8F-4C52-86C9-A2638F1895D2}.Release|Any CPU.Build.0 = Release|Any CPU
		{21C8C69F-966F-4259-B66F-1659EA85832B}.Debug|Any CPU.ActiveCfg = Debug|Any CPU
		{21C8C69F-966F-4259-B66F-1659EA85832B}.Debug|Any CPU.Build.0 = Debug|Any CPU
		{21C8C69F-966F-4259-B66F-1659EA85832B}.Release|Any CPU.ActiveCfg = Release|Any CPU
		{21C8C69F-966F-4259-B66F-1659EA85832B}.Release|Any CPU.Build.0 = Release|Any CPU
		{18443EA0-CC83-4706-8C4D-9D636FDD4812}.Debug|Any CPU.ActiveCfg = Debug|Any CPU
		{18443EA0-CC83-4706-8C4D-9D636FDD4812}.Debug|Any CPU.Build.0 = Debug|Any CPU
		{18443EA0-CC83-4706-8C4D-9D636FDD4812}.Release|Any CPU.ActiveCfg = Release|Any CPU
		{18443EA0-CC83-4706-8C4D-9D636FDD4812}.Release|Any CPU.Build.0 = Release|Any CPU
		{556BB719-81F3-49BE-AF9B-F43DD3A1445F}.Debug|Any CPU.ActiveCfg = Debug|Any CPU
		{556BB719-81F3-49BE-AF9B-F43DD3A1445F}.Debug|Any CPU.Build.0 = Debug|Any CPU
		{556BB719-81F3-49BE-AF9B-F43DD3A1445F}.Release|Any CPU.ActiveCfg = Release|Any CPU
		{556BB719-81F3-49BE-AF9B-F43DD3A1445F}.Release|Any CPU.Build.0 = Release|Any CPU
		{A1056DFF-15B4-4D87-9155-A5EBCF36FEFA}.Debug|Any CPU.ActiveCfg = Debug|Any CPU
		{A1056DFF-15B4-4D87-9155-A5EBCF36FEFA}.Debug|Any CPU.Build.0 = Debug|Any CPU
		{A1056DFF-15B4-4D87-9155-A5EBCF36FEFA}.Release|Any CPU.ActiveCfg = Release|Any CPU
		{A1056DFF-15B4-4D87-9155-A5EBCF36FEFA}.Release|Any CPU.Build.0 = Release|Any CPU
		{A300AFEF-B2E0-44DA-A1F7-6796D7533038}.Debug|Any CPU.ActiveCfg = Debug|Any CPU
		{A300AFEF-B2E0-44DA-A1F7-6796D7533038}.Debug|Any CPU.Build.0 = Debug|Any CPU
		{A300AFEF-B2E0-44DA-A1F7-6796D7533038}.Release|Any CPU.ActiveCfg = Release|Any CPU
		{A300AFEF-B2E0-44DA-A1F7-6796D7533038}.Release|Any CPU.Build.0 = Release|Any CPU
		{6040C452-D574-4689-AA76-69AEA4C6602C}.Debug|Any CPU.ActiveCfg = Debug|Any CPU
		{6040C452-D574-4689-AA76-69AEA4C6602C}.Debug|Any CPU.Build.0 = Debug|Any CPU
		{6040C452-D574-4689-AA76-69AEA4C6602C}.Release|Any CPU.ActiveCfg = Release|Any CPU
		{6040C452-D574-4689-AA76-69AEA4C6602C}.Release|Any CPU.Build.0 = Release|Any CPU
		{3EF40BF7-F4B4-4094-BD67-DA4A7B7DC05B}.Debug|Any CPU.ActiveCfg = Debug|Any CPU
		{3EF40BF7-F4B4-4094-BD67-DA4A7B7DC05B}.Debug|Any CPU.Build.0 = Debug|Any CPU
		{3EF40BF7-F4B4-4094-BD67-DA4A7B7DC05B}.Release|Any CPU.ActiveCfg = Release|Any CPU
		{3EF40BF7-F4B4-4094-BD67-DA4A7B7DC05B}.Release|Any CPU.Build.0 = Release|Any CPU
		{08FAC882-6BE3-42C4-BFFC-0C7BA0CCAC09}.Debug|Any CPU.ActiveCfg = Debug|Any CPU
		{08FAC882-6BE3-42C4-BFFC-0C7BA0CCAC09}.Debug|Any CPU.Build.0 = Debug|Any CPU
		{08FAC882-6BE3-42C4-BFFC-0C7BA0CCAC09}.Release|Any CPU.ActiveCfg = Release|Any CPU
		{08FAC882-6BE3-42C4-BFFC-0C7BA0CCAC09}.Release|Any CPU.Build.0 = Release|Any CPU
		{7F2C9585-85C3-43D9-8E2A-52A14AE4A391}.Debug|Any CPU.ActiveCfg = Debug|Any CPU
		{7F2C9585-85C3-43D9-8E2A-52A14AE4A391}.Debug|Any CPU.Build.0 = Debug|Any CPU
		{7F2C9585-85C3-43D9-8E2A-52A14AE4A391}.Release|Any CPU.ActiveCfg = Release|Any CPU
		{7F2C9585-85C3-43D9-8E2A-52A14AE4A391}.Release|Any CPU.Build.0 = Release|Any CPU
		{A92632EC-0032-4F99-9803-4659A691A176}.Debug|Any CPU.ActiveCfg = Debug|Any CPU
		{A92632EC-0032-4F99-9803-4659A691A176}.Debug|Any CPU.Build.0 = Debug|Any CPU
		{A92632EC-0032-4F99-9803-4659A691A176}.Release|Any CPU.ActiveCfg = Release|Any CPU
		{A92632EC-0032-4F99-9803-4659A691A176}.Release|Any CPU.Build.0 = Release|Any CPU
		{ED728F1C-DAB5-4780-AFAC-9E49CE745889}.Debug|Any CPU.ActiveCfg = Debug|Any CPU
		{ED728F1C-DAB5-4780-AFAC-9E49CE745889}.Debug|Any CPU.Build.0 = Debug|Any CPU
		{ED728F1C-DAB5-4780-AFAC-9E49CE745889}.Release|Any CPU.ActiveCfg = Release|Any CPU
		{ED728F1C-DAB5-4780-AFAC-9E49CE745889}.Release|Any CPU.Build.0 = Release|Any CPU
		{08F18535-F584-4DFA-9709-F1053EF3608E}.Debug|Any CPU.ActiveCfg = Debug|Any CPU
		{08F18535-F584-4DFA-9709-F1053EF3608E}.Debug|Any CPU.Build.0 = Debug|Any CPU
		{08F18535-F584-4DFA-9709-F1053EF3608E}.Release|Any CPU.ActiveCfg = Release|Any CPU
		{08F18535-F584-4DFA-9709-F1053EF3608E}.Release|Any CPU.Build.0 = Release|Any CPU
		{8413E295-97C0-4587-B6A1-949DFF2BE324}.Debug|Any CPU.ActiveCfg = Debug|Any CPU
		{8413E295-97C0-4587-B6A1-949DFF2BE324}.Debug|Any CPU.Build.0 = Debug|Any CPU
		{8413E295-97C0-4587-B6A1-949DFF2BE324}.Release|Any CPU.ActiveCfg = Release|Any CPU
		{8413E295-97C0-4587-B6A1-949DFF2BE324}.Release|Any CPU.Build.0 = Release|Any CPU
		{FE123A27-2FAC-403B-A207-D1E2648A0A66}.Debug|Any CPU.ActiveCfg = Debug|Any CPU
		{FE123A27-2FAC-403B-A207-D1E2648A0A66}.Debug|Any CPU.Build.0 = Debug|Any CPU
		{FE123A27-2FAC-403B-A207-D1E2648A0A66}.Release|Any CPU.ActiveCfg = Release|Any CPU
		{FE123A27-2FAC-403B-A207-D1E2648A0A66}.Release|Any CPU.Build.0 = Release|Any CPU
		{D2B28BC4-DE99-459C-9176-9458D98B2AA3}.Debug|Any CPU.ActiveCfg = Debug|Any CPU
		{D2B28BC4-DE99-459C-9176-9458D98B2AA3}.Debug|Any CPU.Build.0 = Debug|Any CPU
		{D2B28BC4-DE99-459C-9176-9458D98B2AA3}.Release|Any CPU.ActiveCfg = Release|Any CPU
		{D2B28BC4-DE99-459C-9176-9458D98B2AA3}.Release|Any CPU.Build.0 = Release|Any CPU
		{7A40B7A3-61E1-47BC-8D61-3A7FFB5337AA}.Debug|Any CPU.ActiveCfg = Debug|Any CPU
		{7A40B7A3-61E1-47BC-8D61-3A7FFB5337AA}.Debug|Any CPU.Build.0 = Debug|Any CPU
		{7A40B7A3-61E1-47BC-8D61-3A7FFB5337AA}.Release|Any CPU.ActiveCfg = Release|Any CPU
		{7A40B7A3-61E1-47BC-8D61-3A7FFB5337AA}.Release|Any CPU.Build.0 = Release|Any CPU
		{E44D426F-A353-4CF7-BAA5-6CB299CEA37F}.Debug|Any CPU.ActiveCfg = Debug|Any CPU
		{E44D426F-A353-4CF7-BAA5-6CB299CEA37F}.Debug|Any CPU.Build.0 = Debug|Any CPU
		{E44D426F-A353-4CF7-BAA5-6CB299CEA37F}.Release|Any CPU.ActiveCfg = Release|Any CPU
		{E44D426F-A353-4CF7-BAA5-6CB299CEA37F}.Release|Any CPU.Build.0 = Release|Any CPU
		{BE2F07B2-FD90-4F55-8AB4-EA3F39502CE3}.Debug|Any CPU.ActiveCfg = Debug|Any CPU
		{BE2F07B2-FD90-4F55-8AB4-EA3F39502CE3}.Debug|Any CPU.Build.0 = Debug|Any CPU
		{BE2F07B2-FD90-4F55-8AB4-EA3F39502CE3}.Release|Any CPU.ActiveCfg = Release|Any CPU
		{BE2F07B2-FD90-4F55-8AB4-EA3F39502CE3}.Release|Any CPU.Build.0 = Release|Any CPU
	EndGlobalSection
	GlobalSection(SolutionProperties) = preSolution
		HideSolutionNode = FALSE
	EndGlobalSection
	GlobalSection(ExtensibilityGlobals) = postSolution
		SolutionGuid = {F0357900-5F76-431A-8655-1835826EC7D6}
	EndGlobalSection
EndGlobal
